# THIS IS AN AUTOGENERATED FILE. DO NOT EDIT THIS FILE DIRECTLY.
# yarn lockfile v1


truffle-hdwallet-provider@^1.0.0-web3one.5:
  version "1.0.0-web3one.5"
  resolved "https://registry.yarnpkg.com/truffle-hdwallet-provider/-/truffle-hdwallet-provider-1.0.0-web3one.5.tgz#0cf43be6a237ed50ccc7137a2b830e45341dc0a6"
  integrity sha512-mALnG1ahfqPFufwzNcxW6JxSzgP+FwSyHr8kFtBE/ymMH8N6S2EeUPFds7a2IKyTMZ3npTMHLTR+seTQitn2yQ==
